
Microsoft Visual Studio Solution File, Format Version 12.00
# Visual Studio Version 17
VisualStudioVersion = 17.6.33712.159
MinimumVisualStudioVersion = 10.0.40219.1
Project("{FAE04EC0-301F-11D3-BF4B-00C04F79EFBC}") = "SecureApplicationDevelopment", "SecureApplicationDevelopment\SecureApplicationDevelopment.csproj", "{3BAC6402-8667-4F50-9547-18FFCFB2BFD4}"
EndProject
Global
	GlobalSection(SolutionConfigurationPlatforms) = preSolution
		Debug|Any CPU = Debug|Any CPU
		Release|Any CPU = Release|Any CPU
	EndGlobalSection
	GlobalSection(ProjectConfigurationPlatforms) = postSolution
		{3BAC6402-8667-4F50-9547-18FFCFB2BFD4}.Debug|Any CPU.ActiveCfg = Debug|Any CPU
		{3BAC6402-8667-4F50-9547-18FFCFB2BFD4}.Debug|Any CPU.Build.0 = Debug|Any CPU
		{3BAC6402-8667-4F50-9547-18FFCFB2BFD4}.Release|Any CPU.ActiveCfg = Release|Any CPU
		{3BAC6402-8667-4F50-9547-18FFCFB2BFD4}.Release|Any CPU.Build.0 = Release|Any CPU
	EndGlobalSection
	GlobalSection(SolutionProperties) = preSolution
		HideSolutionNode = FALSE
	EndGlobalSection
	GlobalSection(ExtensibilityGlobals) = postSolution
		SolutionGuid = {CCB677A6-D482-4C16-AC9A-CECAEF3730D7}
	EndGlobalSection
EndGlobal
